
Microsoft Visual Studio Solution File, Format Version 12.00
# Visual Studio Version 17
VisualStudioVersion = 17.11.35327.3
MinimumVisualStudioVersion = 10.0.40219.1
Project("{FAE04EC0-301F-11D3-BF4B-00C04F79EFBC}") = "Domain", "Domain\Domain.csproj", "{CA25EFF6-9454-4A25-8225-35D8F7529789}"
EndProject
Global
	GlobalSection(SolutionConfigurationPlatforms) = preSolution
		Debug|Any CPU = Debug|Any CPU
		Release|Any CPU = Release|Any CPU
	EndGlobalSection
	GlobalSection(ProjectConfigurationPlatforms) = postSolution
		{CA25EFF6-9454-4A25-8225-35D8F7529789}.Debug|Any CPU.ActiveCfg = Debug|Any CPU
		{CA25EFF6-9454-4A25-8225-35D8F7529789}.Debug|Any CPU.Build.0 = Debug|Any CPU
		{CA25EFF6-9454-4A25-8225-35D8F7529789}.Release|Any CPU.ActiveCfg = Release|Any CPU
		{CA25EFF6-9454-4A25-8225-35D8F7529789}.Release|Any CPU.Build.0 = Release|Any CPU
	EndGlobalSection
	GlobalSection(SolutionProperties) = preSolution
		HideSolutionNode = FALSE
	EndGlobalSection
	GlobalSection(ExtensibilityGlobals) = postSolution
		SolutionGuid = {FB2A38C2-C306-4157-8BF1-614090A31AF0}
	EndGlobalSection
EndGlobal
